
Microsoft Visual Studio Solution File, Format Version 12.00
# Visual Studio Version 16
VisualStudioVersion = 16.0.30114.105
MinimumVisualStudioVersion = 10.0.40219.1
Project("{2150E333-8FDC-42A3-9474-1A3956D46DE8}") = "src", "src", "{BF2B448F-2DF7-4865-9BDF-62CD43A031D9}"
EndProject
Project("{FAE04EC0-301F-11D3-BF4B-00C04F79EFBC}") = "WorkShopNet.App", "src\WorkShopNet.App\WorkShopNet.App.csproj", "{6185AE54-011B-42C1-8E5C-08073631C3E4}"
EndProject
Project("{2150E333-8FDC-42A3-9474-1A3956D46DE8}") = "tests", "tests", "{EA8803AA-84F3-41CE-B8AA-AEFA235136F8}"
EndProject
Project("{2150E333-8FDC-42A3-9474-1A3956D46DE8}") = "Unit.Tests", "Unit.Tests", "{6B680DB0-BD95-4E78-8EB8-3F4EAFF9A0F2}"
EndProject
Project("{FAE04EC0-301F-11D3-BF4B-00C04F79EFBC}") = "WorkShopNet.Unit.Tests", "tests\Unit.Tests\WorkShopNet.Unit.Tests\WorkShopNet.Unit.Tests.csproj", "{9A55ED5A-A6EA-4EE5-A257-0EF074B2998B}"
EndProject
Global
	GlobalSection(SolutionConfigurationPlatforms) = preSolution
		Debug|Any CPU = Debug|Any CPU
		Debug|x64 = Debug|x64
		Debug|x86 = Debug|x86
		Release|Any CPU = Release|Any CPU
		Release|x64 = Release|x64
		Release|x86 = Release|x86
	EndGlobalSection
	GlobalSection(SolutionProperties) = preSolution
		HideSolutionNode = FALSE
	EndGlobalSection
	GlobalSection(ProjectConfigurationPlatforms) = postSolution
		{6185AE54-011B-42C1-8E5C-08073631C3E4}.Debug|Any CPU.ActiveCfg = Debug|Any CPU
		{6185AE54-011B-42C1-8E5C-08073631C3E4}.Debug|Any CPU.Build.0 = Debug|Any CPU
		{6185AE54-011B-42C1-8E5C-08073631C3E4}.Debug|x64.ActiveCfg = Debug|Any CPU
		{6185AE54-011B-42C1-8E5C-08073631C3E4}.Debug|x64.Build.0 = Debug|Any CPU
		{6185AE54-011B-42C1-8E5C-08073631C3E4}.Debug|x86.ActiveCfg = Debug|Any CPU
		{6185AE54-011B-42C1-8E5C-08073631C3E4}.Debug|x86.Build.0 = Debug|Any CPU
		{6185AE54-011B-42C1-8E5C-08073631C3E4}.Release|Any CPU.ActiveCfg = Release|Any CPU
		{6185AE54-011B-42C1-8E5C-08073631C3E4}.Release|Any CPU.Build.0 = Release|Any CPU
		{6185AE54-011B-42C1-8E5C-08073631C3E4}.Release|x64.ActiveCfg = Release|Any CPU
		{6185AE54-011B-42C1-8E5C-08073631C3E4}.Release|x64.Build.0 = Release|Any CPU
		{6185AE54-011B-42C1-8E5C-08073631C3E4}.Release|x86.ActiveCfg = Release|Any CPU
		{6185AE54-011B-42C1-8E5C-08073631C3E4}.Release|x86.Build.0 = Release|Any CPU
		{9A55ED5A-A6EA-4EE5-A257-0EF074B2998B}.Debug|Any CPU.ActiveCfg = Debug|Any CPU
		{9A55ED5A-A6EA-4EE5-A257-0EF074B2998B}.Debug|Any CPU.Build.0 = Debug|Any CPU
		{9A55ED5A-A6EA-4EE5-A257-0EF074B2998B}.Debug|x64.ActiveCfg = Debug|Any CPU
		{9A55ED5A-A6EA-4EE5-A257-0EF074B2998B}.Debug|x64.Build.0 = Debug|Any CPU
		{9A55ED5A-A6EA-4EE5-A257-0EF074B2998B}.Debug|x86.ActiveCfg = Debug|Any CPU
		{9A55ED5A-A6EA-4EE5-A257-0EF074B2998B}.Debug|x86.Build.0 = Debug|Any CPU
		{9A55ED5A-A6EA-4EE5-A257-0EF074B2998B}.Release|Any CPU.ActiveCfg = Release|Any CPU
		{9A55ED5A-A6EA-4EE5-A257-0EF074B2998B}.Release|Any CPU.Build.0 = Release|Any CPU
		{9A55ED5A-A6EA-4EE5-A257-0EF074B2998B}.Release|x64.ActiveCfg = Release|Any CPU
		{9A55ED5A-A6EA-4EE5-A257-0EF074B2998B}.Release|x64.Build.0 = Release|Any CPU
		{9A55ED5A-A6EA-4EE5-A257-0EF074B2998B}.Release|x86.ActiveCfg = Release|Any CPU
		{9A55ED5A-A6EA-4EE5-A257-0EF074B2998B}.Release|x86.Build.0 = Release|Any CPU
	EndGlobalSection
	GlobalSection(NestedProjects) = preSolution
		{6185AE54-011B-42C1-8E5C-08073631C3E4} = {BF2B448F-2DF7-4865-9BDF-62CD43A031D9}
		{6B680DB0-BD95-4E78-8EB8-3F4EAFF9A0F2} = {EA8803AA-84F3-41CE-B8AA-AEFA235136F8}
		{9A55ED5A-A6EA-4EE5-A257-0EF074B2998B} = {6B680DB0-BD95-4E78-8EB8-3F4EAFF9A0F2}
	EndGlobalSection
EndGlobal
